
Microsoft Visual Studio Solution File, Format Version 12.00
# Visual Studio Version 16
VisualStudioVersion = 16.0.29009.5
MinimumVisualStudioVersion = 10.0.40219.1
Project("{FAE04EC0-301F-11D3-BF4B-00C04F79EFBC}") = "ShoppingCart", "ShoppingCart\ShoppingCart.csproj", "{48DCDA71-FDC9-4F91-8A80-C24BE41502B9}"
EndProject
Global
	GlobalSection(SolutionConfigurationPlatforms) = preSolution
		Debug|Any CPU = Debug|Any CPU
		Release|Any CPU = Release|Any CPU
	EndGlobalSection
	GlobalSection(ProjectConfigurationPlatforms) = postSolution
		{48DCDA71-FDC9-4F91-8A80-C24BE41502B9}.Debug|Any CPU.ActiveCfg = Debug|Any CPU
		{48DCDA71-FDC9-4F91-8A80-C24BE41502B9}.Debug|Any CPU.Build.0 = Debug|Any CPU
		{48DCDA71-FDC9-4F91-8A80-C24BE41502B9}.Release|Any CPU.ActiveCfg = Release|Any CPU
		{48DCDA71-FDC9-4F91-8A80-C24BE41502B9}.Release|Any CPU.Build.0 = Release|Any CPU
	EndGlobalSection
	GlobalSection(SolutionProperties) = preSolution
		HideSolutionNode = FALSE
	EndGlobalSection
	GlobalSection(ExtensibilityGlobals) = postSolution
		SolutionGuid = {DE99420B-44E3-4251-98A0-7F877051A6A1}
	EndGlobalSection
EndGlobal
